// !$*UTF8*$!
{
	archiveVersion = 1;
	classes = {
	};
	objectVersion = 50;
	objects = {

/* Begin PBXBuildFile section */
		1147606E2253D783005DAAE1 /* DesignableUILabel.swift in Sources */ = {isa = PBXBuildFile; fileRef = 1147606D2253D783005DAAE1 /* DesignableUILabel.swift */; };
		114760702253DDEB005DAAE1 /* UIView+.swift in Sources */ = {isa = PBXBuildFile; fileRef = 1147606F2253DDEB005DAAE1 /* UIView+.swift */; };
		114760722253DE77005DAAE1 /* NotoSans-SemiBold.ttf in Resources */ = {isa = PBXBuildFile; fileRef = 114760712253DE77005DAAE1 /* NotoSans-SemiBold.ttf */; };
		114760752253E34C005DAAE1 /* StringUtil.swift in Sources */ = {isa = PBXBuildFile; fileRef = 114760742253E34C005DAAE1 /* StringUtil.swift */; };
		117DBDC52252474B0043FB94 /* AppDelegate.swift in Sources */ = {isa = PBXBuildFile; fileRef = 117DBDC42252474B0043FB94 /* AppDelegate.swift */; };
		117DBDC72252474B0043FB94 /* FeedViewController.swift in Sources */ = {isa = PBXBuildFile; fileRef = 117DBDC62252474B0043FB94 /* FeedViewController.swift */; };
		117DBDCA2252474B0043FB94 /* Main.storyboard in Resources */ = {isa = PBXBuildFile; fileRef = 117DBDC82252474B0043FB94 /* Main.storyboard */; };
		117DBDCC2252474D0043FB94 /* Assets.xcassets in Resources */ = {isa = PBXBuildFile; fileRef = 117DBDCB2252474D0043FB94 /* Assets.xcassets */; };
		117DBDCF2252474D0043FB94 /* LaunchScreen.storyboard in Resources */ = {isa = PBXBuildFile; fileRef = 117DBDCD2252474D0043FB94 /* LaunchScreen.storyboard */; };
		1187E87F2255105100B28715 /* GoogleService-Info.plist in Resources */ = {isa = PBXBuildFile; fileRef = 1187E87E2255105100B28715 /* GoogleService-Info.plist */; };
		1191E4982253842A00FAB74B /* NotoSans-Italic.ttf in Resources */ = {isa = PBXBuildFile; fileRef = 1191E4972253842A00FAB74B /* NotoSans-Italic.ttf */; };
		119A3BD12254B8BD0040163C /* DB.swift in Sources */ = {isa = PBXBuildFile; fileRef = 119A3BD02254B8BD0040163C /* DB.swift */; };
		119A3BD32254C8740040163C /* CentsToString.swift in Sources */ = {isa = PBXBuildFile; fileRef = 119A3BD22254C8740040163C /* CentsToString.swift */; };
		119A3BD52254D6E70040163C /* HumanDate.swift in Sources */ = {isa = PBXBuildFile; fileRef = 119A3BD42254D6E70040163C /* HumanDate.swift */; };
		11CBFC7E2253C71C0001DDB1 /* NotoSans-Regular.ttf in Resources */ = {isa = PBXBuildFile; fileRef = 11CBFC7D2253C71C0001DDB1 /* NotoSans-Regular.ttf */; };
		11CBFC802253C72B0001DDB1 /* NotoSerif-Medium.ttf in Resources */ = {isa = PBXBuildFile; fileRef = 11CBFC7F2253C72B0001DDB1 /* NotoSerif-Medium.ttf */; };
		11CBFC822253C7640001DDB1 /* NotoSerif-SemiBoldItalic.ttf in Resources */ = {isa = PBXBuildFile; fileRef = 11CBFC812253C7640001DDB1 /* NotoSerif-SemiBoldItalic.ttf */; };
		11CBFC842253CB540001DDB1 /* Product.swift in Sources */ = {isa = PBXBuildFile; fileRef = 11CBFC832253CB540001DDB1 /* Product.swift */; };
		11CBFC862253CCA90001DDB1 /* FeedTableViewCell.swift in Sources */ = {isa = PBXBuildFile; fileRef = 11CBFC852253CCA90001DDB1 /* FeedTableViewCell.swift */; };
		11F0F4A222526FAB0063EEE2 /* NotoSans-Medium.ttf in Resources */ = {isa = PBXBuildFile; fileRef = 11F0F4A122526FAB0063EEE2 /* NotoSans-Medium.ttf */; };
		11F0F4A5225273CA0063EEE2 /* DSCTabBarItem.swift in Sources */ = {isa = PBXBuildFile; fileRef = 11F0F4A4225273CA0063EEE2 /* DSCTabBarItem.swift */; };
		137325596CD7B762DBC576C7 /* Pods_discounter_demo.framework in Frameworks */ = {isa = PBXBuildFile; fileRef = 56D4954351133A580EC4BD45 /* Pods_discounter_demo.framework */; };
/* End PBXBuildFile section */

/* Begin PBXFileReference section */
		1147606D2253D783005DAAE1 /* DesignableUILabel.swift */ = {isa = PBXFileReference; lastKnownFileType = sourcecode.swift; path = DesignableUILabel.swift; sourceTree = "<group>"; };
		1147606F2253DDEB005DAAE1 /* UIView+.swift */ = {isa = PBXFileReference; fileEncoding = 4; lastKnownFileType = sourcecode.swift; path = "UIView+.swift"; sourceTree = "<group>"; };
		114760712253DE77005DAAE1 /* NotoSans-SemiBold.ttf */ = {isa = PBXFileReference; lastKnownFileType = file; path = "NotoSans-SemiBold.ttf"; sourceTree = "<group>"; };
		114760742253E34C005DAAE1 /* StringUtil.swift */ = {isa = PBXFileReference; lastKnownFileType = sourcecode.swift; path = StringUtil.swift; sourceTree = "<group>"; };
		117DBDC12252474B0043FB94 /* discounter-demo.app */ = {isa = PBXFileReference; explicitFileType = wrapper.application; includeInIndex = 0; path = "discounter-demo.app"; sourceTree = BUILT_PRODUCTS_DIR; };
		117DBDC42252474B0043FB94 /* AppDelegate.swift */ = {isa = PBXFileReference; lastKnownFileType = sourcecode.swift; path = AppDelegate.swift; sourceTree = "<group>"; };
		117DBDC62252474B0043FB94 /* FeedViewController.swift */ = {isa = PBXFileReference; lastKnownFileType = sourcecode.swift; path = FeedViewController.swift; sourceTree = "<group>"; };
		117DBDC92252474B0043FB94 /* Base */ = {isa = PBXFileReference; lastKnownFileType = file.storyboard; name = Base; path = Base.lproj/Main.storyboard; sourceTree = "<group>"; };
		117DBDCB2252474D0043FB94 /* Assets.xcassets */ = {isa = PBXFileReference; lastKnownFileType = folder.assetcatalog; path = Assets.xcassets; sourceTree = "<group>"; };
		117DBDCE2252474D0043FB94 /* Base */ = {isa = PBXFileReference; lastKnownFileType = file.storyboard; name = Base; path = Base.lproj/LaunchScreen.storyboard; sourceTree = "<group>"; };
		117DBDD02252474D0043FB94 /* Info.plist */ = {isa = PBXFileReference; lastKnownFileType = text.plist.xml; path = Info.plist; sourceTree = "<group>"; };
		1187E87E2255105100B28715 /* GoogleService-Info.plist */ = {isa = PBXFileReference; fileEncoding = 4; lastKnownFileType = text.plist.xml; name = "GoogleService-Info.plist"; path = "../../../../../Downloads/GoogleService-Info.plist"; sourceTree = "<group>"; };
		1187E880225515B600B28715 /* discounter-demo.entitlements */ = {isa = PBXFileReference; lastKnownFileType = text.plist.entitlements; path = "discounter-demo.entitlements"; sourceTree = "<group>"; };
		1191E4972253842A00FAB74B /* NotoSans-Italic.ttf */ = {isa = PBXFileReference; lastKnownFileType = file; path = "NotoSans-Italic.ttf"; sourceTree = "<group>"; };
		119A3BD02254B8BD0040163C /* DB.swift */ = {isa = PBXFileReference; lastKnownFileType = sourcecode.swift; path = DB.swift; sourceTree = "<group>"; };
		119A3BD22254C8740040163C /* CentsToString.swift */ = {isa = PBXFileReference; lastKnownFileType = sourcecode.swift; path = CentsToString.swift; sourceTree = "<group>"; };
		119A3BD42254D6E70040163C /* HumanDate.swift */ = {isa = PBXFileReference; lastKnownFileType = sourcecode.swift; path = HumanDate.swift; sourceTree = "<group>"; };
		11CBFC7D2253C71C0001DDB1 /* NotoSans-Regular.ttf */ = {isa = PBXFileReference; lastKnownFileType = file; path = "NotoSans-Regular.ttf"; sourceTree = "<group>"; };
		11CBFC7F2253C72B0001DDB1 /* NotoSerif-Medium.ttf */ = {isa = PBXFileReference; lastKnownFileType = file; path = "NotoSerif-Medium.ttf"; sourceTree = "<group>"; };
		11CBFC812253C7640001DDB1 /* NotoSerif-SemiBoldItalic.ttf */ = {isa = PBXFileReference; lastKnownFileType = file; path = "NotoSerif-SemiBoldItalic.ttf"; sourceTree = "<group>"; };
		11CBFC832253CB540001DDB1 /* Product.swift */ = {isa = PBXFileReference; lastKnownFileType = sourcecode.swift; path = Product.swift; sourceTree = "<group>"; };
		11CBFC852253CCA90001DDB1 /* FeedTableViewCell.swift */ = {isa = PBXFileReference; lastKnownFileType = sourcecode.swift; path = FeedTableViewCell.swift; sourceTree = "<group>"; };
		11F0F4A122526FAB0063EEE2 /* NotoSans-Medium.ttf */ = {isa = PBXFileReference; lastKnownFileType = file; path = "NotoSans-Medium.ttf"; sourceTree = "<group>"; };
		11F0F4A4225273CA0063EEE2 /* DSCTabBarItem.swift */ = {isa = PBXFileReference; lastKnownFileType = sourcecode.swift; path = DSCTabBarItem.swift; sourceTree = "<group>"; };
		56D4954351133A580EC4BD45 /* Pods_discounter_demo.framework */ = {isa = PBXFileReference; explicitFileType = wrapper.framework; includeInIndex = 0; path = Pods_discounter_demo.framework; sourceTree = BUILT_PRODUCTS_DIR; };
		CBCB30E8FC35961EC26B5721 /* Pods-discounter-demo.debug.xcconfig */ = {isa = PBXFileReference; includeInIndex = 1; lastKnownFileType = text.xcconfig; name = "Pods-discounter-demo.debug.xcconfig"; path = "Pods/Target Support Files/Pods-discounter-demo/Pods-discounter-demo.debug.xcconfig"; sourceTree = "<group>"; };
		E4053E64555D691BE5C633EB /* Pods-discounter-demo.release.xcconfig */ = {isa = PBXFileReference; includeInIndex = 1; lastKnownFileType = text.xcconfig; name = "Pods-discounter-demo.release.xcconfig"; path = "Pods/Target Support Files/Pods-discounter-demo/Pods-discounter-demo.release.xcconfig"; sourceTree = "<group>"; };
/* End PBXFileReference section */

/* Begin PBXFrameworksBuildPhase section */
		117DBDBE2252474B0043FB94 /* Frameworks */ = {
			isa = PBXFrameworksBuildPhase;
			buildActionMask = 2147483647;
			files = (
				137325596CD7B762DBC576C7 /* Pods_discounter_demo.framework in Frameworks */,
			);
			runOnlyForDeploymentPostprocessing = 0;
		};
/* End PBXFrameworksBuildPhase section */

/* Begin PBXGroup section */
		114760732253E32B005DAAE1 /* Util */ = {
			isa = PBXGroup;
			children = (
				114760742253E34C005DAAE1 /* StringUtil.swift */,
				119A3BD22254C8740040163C /* CentsToString.swift */,
				119A3BD42254D6E70040163C /* HumanDate.swift */,
			);
			path = Util;
			sourceTree = "<group>";
		};
		117DBDB82252474B0043FB94 = {
			isa = PBXGroup;
			children = (
				117DBDC32252474B0043FB94 /* discounter-demo */,
				117DBDC22252474B0043FB94 /* Products */,
				62CA942E37E49F831B283624 /* Pods */,
				5622DA99B735FF40ADBF9D2B /* Frameworks */,
			);
			sourceTree = "<group>";
		};
		117DBDC22252474B0043FB94 /* Products */ = {
			isa = PBXGroup;
			children = (
				117DBDC12252474B0043FB94 /* discounter-demo.app */,
			);
			name = Products;
			sourceTree = "<group>";
		};
		117DBDC32252474B0043FB94 /* discounter-demo */ = {
			isa = PBXGroup;
			children = (
				1187E880225515B600B28715 /* discounter-demo.entitlements */,
				117DBDD6225247B70043FB94 /* Models */,
				117DBDD8225247C90043FB94 /* Controllers */,
				117DBDD7225247C20043FB94 /* Views */,
				119A3BCE2254B89B0040163C /* Services */,
				114760732253E32B005DAAE1 /* Util */,
				11F0F4A022526F770063EEE2 /* Resources */,
				117DBDC42252474B0043FB94 /* AppDelegate.swift */,
				117DBDD02252474D0043FB94 /* Info.plist */,
				1187E87E2255105100B28715 /* GoogleService-Info.plist */,
			);
			path = "discounter-demo";
			sourceTree = "<group>";
		};
		117DBDD6225247B70043FB94 /* Models */ = {
			isa = PBXGroup;
			children = (
				11CBFC832253CB540001DDB1 /* Product.swift */,
			);
			path = Models;
			sourceTree = "<group>";
		};
		117DBDD7225247C20043FB94 /* Views */ = {
			isa = PBXGroup;
			children = (
				117DBDC82252474B0043FB94 /* Main.storyboard */,
				117DBDCD2252474D0043FB94 /* LaunchScreen.storyboard */,
				11F0F4A4225273CA0063EEE2 /* DSCTabBarItem.swift */,
				11CBFC852253CCA90001DDB1 /* FeedTableViewCell.swift */,
				1147606F2253DDEB005DAAE1 /* UIView+.swift */,
				1147606D2253D783005DAAE1 /* DesignableUILabel.swift */,
			);
			path = Views;
			sourceTree = "<group>";
		};
		117DBDD8225247C90043FB94 /* Controllers */ = {
			isa = PBXGroup;
			children = (
				117DBDC62252474B0043FB94 /* FeedViewController.swift */,
			);
			path = Controllers;
			sourceTree = "<group>";
		};
		119A3BCE2254B89B0040163C /* Services */ = {
			isa = PBXGroup;
			children = (
				119A3BCF2254B8A60040163C /* RemoteDB */,
			);
			path = Services;
			sourceTree = "<group>";
		};
		119A3BCF2254B8A60040163C /* RemoteDB */ = {
			isa = PBXGroup;
			children = (
				119A3BD02254B8BD0040163C /* DB.swift */,
			);
			path = RemoteDB;
			sourceTree = "<group>";
		};
		11F0F4A022526F770063EEE2 /* Resources */ = {
			isa = PBXGroup;
			children = (
				11F0F4A322526FB20063EEE2 /* Fonts */,
				117DBDCB2252474D0043FB94 /* Assets.xcassets */,
			);
			path = Resources;
			sourceTree = "<group>";
		};
		11F0F4A322526FB20063EEE2 /* Fonts */ = {
			isa = PBXGroup;
			children = (
				1191E4972253842A00FAB74B /* NotoSans-Italic.ttf */,
				11F0F4A122526FAB0063EEE2 /* NotoSans-Medium.ttf */,
				11CBFC7D2253C71C0001DDB1 /* NotoSans-Regular.ttf */,
				11CBFC7F2253C72B0001DDB1 /* NotoSerif-Medium.ttf */,
				114760712253DE77005DAAE1 /* NotoSans-SemiBold.ttf */,
				11CBFC812253C7640001DDB1 /* NotoSerif-SemiBoldItalic.ttf */,
			);
			path = Fonts;
			sourceTree = "<group>";
		};
		5622DA99B735FF40ADBF9D2B /* Frameworks */ = {
			isa = PBXGroup;
			children = (
				56D4954351133A580EC4BD45 /* Pods_discounter_demo.framework */,
			);
			name = Frameworks;
			sourceTree = "<group>";
		};
		62CA942E37E49F831B283624 /* Pods */ = {
			isa = PBXGroup;
			children = (
				CBCB30E8FC35961EC26B5721 /* Pods-discounter-demo.debug.xcconfig */,
				E4053E64555D691BE5C633EB /* Pods-discounter-demo.release.xcconfig */,
			);
			name = Pods;
			sourceTree = "<group>";
		};
/* End PBXGroup section */

/* Begin PBXNativeTarget section */
		117DBDC02252474B0043FB94 /* discounter-demo */ = {
			isa = PBXNativeTarget;
			buildConfigurationList = 117DBDD32252474D0043FB94 /* Build configuration list for PBXNativeTarget "discounter-demo" */;
			buildPhases = (
				471D77F7EA70A07955003A92 /* [CP] Check Pods Manifest.lock */,
				117DBDBD2252474B0043FB94 /* Sources */,
				117DBDBE2252474B0043FB94 /* Frameworks */,
				117DBDBF2252474B0043FB94 /* Resources */,
				CFD850E3CF1A124E6FE4879F /* [CP] Embed Pods Frameworks */,
			);
			buildRules = (
			);
			dependencies = (
			);
			name = "discounter-demo";
			productName = "discounter-demo";
			productReference = 117DBDC12252474B0043FB94 /* discounter-demo.app */;
			productType = "com.apple.product-type.application";
		};
/* End PBXNativeTarget section */

/* Begin PBXProject section */
		117DBDB92252474B0043FB94 /* Project object */ = {
			isa = PBXProject;
			attributes = {
				LastSwiftUpdateCheck = 1020;
				LastUpgradeCheck = 1020;
				ORGANIZATIONNAME = "Mohammad Ashour";
				TargetAttributes = {
					117DBDC02252474B0043FB94 = {
						CreatedOnToolsVersion = 10.2;
						SystemCapabilities = {
							com.apple.BackgroundModes = {
								enabled = 1;
							};
							com.apple.Push = {
								enabled = 1;
							};
						};
					};
				};
			};
			buildConfigurationList = 117DBDBC2252474B0043FB94 /* Build configuration list for PBXProject "discounter-demo" */;
			compatibilityVersion = "Xcode 9.3";
			developmentRegion = en;
			hasScannedForEncodings = 0;
			knownRegions = (
				en,
				Base,
			);
			mainGroup = 117DBDB82252474B0043FB94;
			productRefGroup = 117DBDC22252474B0043FB94 /* Products */;
			projectDirPath = "";
			projectRoot = "";
			targets = (
				117DBDC02252474B0043FB94 /* discounter-demo */,
			);
		};
/* End PBXProject section */

/* Begin PBXResourcesBuildPhase section */
		117DBDBF2252474B0043FB94 /* Resources */ = {
			isa = PBXResourcesBuildPhase;
			buildActionMask = 2147483647;
			files = (
				117DBDCF2252474D0043FB94 /* LaunchScreen.storyboard in Resources */,
				11CBFC822253C7640001DDB1 /* NotoSerif-SemiBoldItalic.ttf in Resources */,
				114760722253DE77005DAAE1 /* NotoSans-SemiBold.ttf in Resources */,
				117DBDCA2252474B0043FB94 /* Main.storyboard in Resources */,
				117DBDCC2252474D0043FB94 /* Assets.xcassets in Resources */,
				1191E4982253842A00FAB74B /* NotoSans-Italic.ttf in Resources */,
				11F0F4A222526FAB0063EEE2 /* NotoSans-Medium.ttf in Resources */,
				1187E87F2255105100B28715 /* GoogleService-Info.plist in Resources */,
				11CBFC7E2253C71C0001DDB1 /* NotoSans-Regular.ttf in Resources */,
				11CBFC802253C72B0001DDB1 /* NotoSerif-Medium.ttf in Resources */,
			);
			runOnlyForDeploymentPostprocessing = 0;
		};
/* End PBXResourcesBuildPhase section */

/* Begin PBXShellScriptBuildPhase section */
		471D77F7EA70A07955003A92 /* [CP] Check Pods Manifest.lock */ = {
			isa = PBXShellScriptBuildPhase;
			buildActionMask = 2147483647;
			files = (
			);
			inputPaths = (
				"${PODS_PODFILE_DIR_PATH}/Podfile.lock",
				"${PODS_ROOT}/Manifest.lock",
			);
			name = "[CP] Check Pods Manifest.lock";
			outputPaths = (
				"$(DERIVED_FILE_DIR)/Pods-discounter-demo-checkManifestLockResult.txt",
			);
			runOnlyForDeploymentPostprocessing = 0;
			shellPath = /bin/sh;
			shellScript = "diff \"${PODS_PODFILE_DIR_PATH}/Podfile.lock\" \"${PODS_ROOT}/Manifest.lock\" > /dev/null\nif [ $? != 0 ] ; then\n    # print error to STDERR\n    echo \"error: The sandbox is not in sync with the Podfile.lock. Run 'pod install' or update your CocoaPods installation.\" >&2\n    exit 1\nfi\n# This output is used by Xcode 'outputs' to avoid re-running this script phase.\necho \"SUCCESS\" > \"${SCRIPT_OUTPUT_FILE_0}\"\n";
			showEnvVarsInLog = 0;
		};
		CFD850E3CF1A124E6FE4879F /* [CP] Embed Pods Frameworks */ = {
			isa = PBXShellScriptBuildPhase;
			buildActionMask = 2147483647;
			files = (
			);
			inputPaths = (
				"${SRCROOT}/Pods/Target Support Files/Pods-discounter-demo/Pods-discounter-demo-frameworks.sh",
				"${BUILT_PRODUCTS_DIR}/BoringSSL/openssl.framework",
				"${BUILT_PRODUCTS_DIR}/GoogleUtilities/GoogleUtilities.framework",
				"${BUILT_PRODUCTS_DIR}/Protobuf/Protobuf.framework",
				"${BUILT_PRODUCTS_DIR}/SDWebImage/SDWebImage.framework",
				"${BUILT_PRODUCTS_DIR}/gRPC/GRPCClient.framework",
				"${BUILT_PRODUCTS_DIR}/gRPC-C++/grpcpp.framework",
				"${BUILT_PRODUCTS_DIR}/gRPC-Core/grpc.framework",
				"${BUILT_PRODUCTS_DIR}/gRPC-ProtoRPC/ProtoRPC.framework",
				"${BUILT_PRODUCTS_DIR}/gRPC-RxLibrary/RxLibrary.framework",
				"${BUILT_PRODUCTS_DIR}/leveldb-library/leveldb.framework",
				"${BUILT_PRODUCTS_DIR}/nanopb/nanopb.framework",
			);
			name = "[CP] Embed Pods Frameworks";
			outputPaths = (
				"${TARGET_BUILD_DIR}/${FRAMEWORKS_FOLDER_PATH}/openssl.framework",
				"${TARGET_BUILD_DIR}/${FRAMEWORKS_FOLDER_PATH}/GoogleUtilities.framework",
				"${TARGET_BUILD_DIR}/${FRAMEWORKS_FOLDER_PATH}/Protobuf.framework",
				"${TARGET_BUILD_DIR}/${FRAMEWORKS_FOLDER_PATH}/SDWebImage.framework",
				"${TARGET_BUILD_DIR}/${FRAMEWORKS_FOLDER_PATH}/GRPCClient.framework",
				"${TARGET_BUILD_DIR}/${FRAMEWORKS_FOLDER_PATH}/grpcpp.framework",
				"${TARGET_BUILD_DIR}/${FRAMEWORKS_FOLDER_PATH}/grpc.framework",
				"${TARGET_BUILD_DIR}/${FRAMEWORKS_FOLDER_PATH}/ProtoRPC.framework",
				"${TARGET_BUILD_DIR}/${FRAMEWORKS_FOLDER_PATH}/RxLibrary.framework",
				"${TARGET_BUILD_DIR}/${FRAMEWORKS_FOLDER_PATH}/leveldb.framework",
				"${TARGET_BUILD_DIR}/${FRAMEWORKS_FOLDER_PATH}/nanopb.framework",
			);
			runOnlyForDeploymentPostprocessing = 0;
			shellPath = /bin/sh;
			shellScript = "\"${SRCROOT}/Pods/Target Support Files/Pods-discounter-demo/Pods-discounter-demo-frameworks.sh\"\n";
			showEnvVarsInLog = 0;
		};
/* End PBXShellScriptBuildPhase section */

/* Begin PBXSourcesBuildPhase section */
		117DBDBD2252474B0043FB94 /* Sources */ = {
			isa = PBXSourcesBuildPhase;
			buildActionMask = 2147483647;
			files = (
				114760752253E34C005DAAE1 /* StringUtil.swift in Sources */,
				11CBFC862253CCA90001DDB1 /* FeedTableViewCell.swift in Sources */,
				11F0F4A5225273CA0063EEE2 /* DSCTabBarItem.swift in Sources */,
				119A3BD52254D6E70040163C /* HumanDate.swift in Sources */,
				11CBFC842253CB540001DDB1 /* Product.swift in Sources */,
				119A3BD12254B8BD0040163C /* DB.swift in Sources */,
				117DBDC72252474B0043FB94 /* FeedViewController.swift in Sources */,
				117DBDC52252474B0043FB94 /* AppDelegate.swift in Sources */,
				119A3BD32254C8740040163C /* CentsToString.swift in Sources */,
				114760702253DDEB005DAAE1 /* UIView+.swift in Sources */,
				1147606E2253D783005DAAE1 /* DesignableUILabel.swift in Sources */,
			);
			runOnlyForDeploymentPostprocessing = 0;
		};
/* End PBXSourcesBuildPhase section */

/* Begin PBXVariantGroup section */
		117DBDC82252474B0043FB94 /* Main.storyboard */ = {
			isa = PBXVariantGroup;
			children = (
				117DBDC92252474B0043FB94 /* Base */,
			);
			name = Main.storyboard;
			sourceTree = "<group>";
		};
		117DBDCD2252474D0043FB94 /* LaunchScreen.storyboard */ = {
			isa = PBXVariantGroup;
			children = (
				117DBDCE2252474D0043FB94 /* Base */,
			);
			name = LaunchScreen.storyboard;
			sourceTree = "<group>";
		};
/* End PBXVariantGroup section */

/* Begin XCBuildConfiguration section */
		117DBDD12252474D0043FB94 /* Debug */ = {
			isa = XCBuildConfiguration;
			buildSettings = {
				ALWAYS_SEARCH_USER_PATHS = NO;
				CLANG_ANALYZER_NONNULL = YES;
				CLANG_ANALYZER_NUMBER_OBJECT_CONVERSION = YES_AGGRESSIVE;
				CLANG_CXX_LANGUAGE_STANDARD = "gnu++14";
				CLANG_CXX_LIBRARY = "libc++";
				CLANG_ENABLE_MODULES = YES;
				CLANG_ENABLE_OBJC_ARC = YES;
				CLANG_ENABLE_OBJC_WEAK = YES;
				CLANG_WARN_BLOCK_CAPTURE_AUTORELEASING = YES;
				CLANG_WARN_BOOL_CONVERSION = YES;
				CLANG_WARN_COMMA = YES;
				CLANG_WARN_CONSTANT_CONVERSION = YES;
				CLANG_WARN_DEPRECATED_OBJC_IMPLEMENTATIONS = YES;
				CLANG_WARN_DIRECT_OBJC_ISA_USAGE = YES_ERROR;
				CLANG_WARN_DOCUMENTATION_COMMENTS = YES;
				CLANG_WARN_EMPTY_BODY = YES;
				CLANG_WARN_ENUM_CONVERSION = YES;
				CLANG_WARN_INFINITE_RECURSION = YES;
				CLANG_WARN_INT_CONVERSION = YES;
				CLANG_WARN_NON_LITERAL_NULL_CONVERSION = YES;
				CLANG_WARN_OBJC_IMPLICIT_RETAIN_SELF = YES;
				CLANG_WARN_OBJC_LITERAL_CONVERSION = YES;
				CLANG_WARN_OBJC_ROOT_CLASS = YES_ERROR;
				CLANG_WARN_RANGE_LOOP_ANALYSIS = YES;
				CLANG_WARN_STRICT_PROTOTYPES = YES;
				CLANG_WARN_SUSPICIOUS_MOVE = YES;
				CLANG_WARN_UNGUARDED_AVAILABILITY = YES_AGGRESSIVE;
				CLANG_WARN_UNREACHABLE_CODE = YES;
				CLANG_WARN__DUPLICATE_METHOD_MATCH = YES;
				CODE_SIGN_IDENTITY = "iPhone Developer";
				COPY_PHASE_STRIP = NO;
				DEBUG_INFORMATION_FORMAT = dwarf;
				ENABLE_STRICT_OBJC_MSGSEND = YES;
				ENABLE_TESTABILITY = YES;
				GCC_C_LANGUAGE_STANDARD = gnu11;
				GCC_DYNAMIC_NO_PIC = NO;
				GCC_NO_COMMON_BLOCKS = YES;
				GCC_OPTIMIZATION_LEVEL = 0;
				GCC_PREPROCESSOR_DEFINITIONS = (
					"DEBUG=1",
					"$(inherited)",
				);
				GCC_WARN_64_TO_32_BIT_CONVERSION = YES;
				GCC_WARN_ABOUT_RETURN_TYPE = YES_ERROR;
				GCC_WARN_UNDECLARED_SELECTOR = YES;
				GCC_WARN_UNINITIALIZED_AUTOS = YES_AGGRESSIVE;
				GCC_WARN_UNUSED_FUNCTION = YES;
				GCC_WARN_UNUSED_VARIABLE = YES;
				IPHONEOS_DEPLOYMENT_TARGET = 12.2;
				MTL_ENABLE_DEBUG_INFO = INCLUDE_SOURCE;
				MTL_FAST_MATH = YES;
				ONLY_ACTIVE_ARCH = YES;
				SDKROOT = iphoneos;
				SWIFT_ACTIVE_COMPILATION_CONDITIONS = DEBUG;
				SWIFT_OPTIMIZATION_LEVEL = "-Onone";
			};
			name = Debug;
		};
		117DBDD22252474D0043FB94 /* Release */ = {
			isa = XCBuildConfiguration;
			buildSettings = {
				ALWAYS_SEARCH_USER_PATHS = NO;
				CLANG_ANALYZER_NONNULL = YES;
				CLANG_ANALYZER_NUMBER_OBJECT_CONVERSION = YES_AGGRESSIVE;
				CLANG_CXX_LANGUAGE_STANDARD = "gnu++14";
				CLANG_CXX_LIBRARY = "libc++";
				CLANG_ENABLE_MODULES = YES;
				CLANG_ENABLE_OBJC_ARC = YES;
				CLANG_ENABLE_OBJC_WEAK = YES;
				CLANG_WARN_BLOCK_CAPTURE_AUTORELEASING = YES;
				CLANG_WARN_BOOL_CONVERSION = YES;
				CLANG_WARN_COMMA = YES;
				CLANG_WARN_CONSTANT_CONVERSION = YES;
				CLANG_WARN_DEPRECATED_OBJC_IMPLEMENTATIONS = YES;
				CLANG_WARN_DIRECT_OBJC_ISA_USAGE = YES_ERROR;
				CLANG_WARN_DOCUMENTATION_COMMENTS = YES;
				CLANG_WARN_EMPTY_BODY = YES;
				CLANG_WARN_ENUM_CONVERSION = YES;
				CLANG_WARN_INFINITE_RECURSION = YES;
				CLANG_WARN_INT_CONVERSION = YES;
				CLANG_WARN_NON_LITERAL_NULL_CONVERSION = YES;
				CLANG_WARN_OBJC_IMPLICIT_RETAIN_SELF = YES;
				CLANG_WARN_OBJC_LITERAL_CONVERSION = YES;
				CLANG_WARN_OBJC_ROOT_CLASS = YES_ERROR;
				CLANG_WARN_RANGE_LOOP_ANALYSIS = YES;
				CLANG_WARN_STRICT_PROTOTYPES = YES;
				CLANG_WARN_SUSPICIOUS_MOVE = YES;
				CLANG_WARN_UNGUARDED_AVAILABILITY = YES_AGGRESSIVE;
				CLANG_WARN_UNREACHABLE_CODE = YES;
				CLANG_WARN__DUPLICATE_METHOD_MATCH = YES;
				CODE_SIGN_IDENTITY = "iPhone Developer";
				COPY_PHASE_STRIP = NO;
				DEBUG_INFORMATION_FORMAT = "dwarf-with-dsym";
				ENABLE_NS_ASSERTIONS = NO;
				ENABLE_STRICT_OBJC_MSGSEND = YES;
				GCC_C_LANGUAGE_STANDARD = gnu11;
				GCC_NO_COMMON_BLOCKS = YES;
				GCC_WARN_64_TO_32_BIT_CONVERSION = YES;
				GCC_WARN_ABOUT_RETURN_TYPE = YES_ERROR;
				GCC_WARN_UNDECLARED_SELECTOR = YES;
				GCC_WARN_UNINITIALIZED_AUTOS = YES_AGGRESSIVE;
				GCC_WARN_UNUSED_FUNCTION = YES;
				GCC_WARN_UNUSED_VARIABLE = YES;
				IPHONEOS_DEPLOYMENT_TARGET = 12.2;
				MTL_ENABLE_DEBUG_INFO = NO;
				MTL_FAST_MATH = YES;
				SDKROOT = iphoneos;
				SWIFT_COMPILATION_MODE = wholemodule;
				SWIFT_OPTIMIZATION_LEVEL = "-O";
				VALIDATE_PRODUCT = YES;
			};
			name = Release;
		};
		117DBDD42252474D0043FB94 /* Debug */ = {
			isa = XCBuildConfiguration;
			baseConfigurationReference = CBCB30E8FC35961EC26B5721 /* Pods-discounter-demo.debug.xcconfig */;
			buildSettings = {
				ASSETCATALOG_COMPILER_APPICON_NAME = AppIcon;
				CODE_SIGN_ENTITLEMENTS = "discounter-demo/discounter-demo.entitlements";
				CODE_SIGN_STYLE = Automatic;
				DEVELOPMENT_TEAM = 4A54CW35D7;
				INFOPLIST_FILE = "discounter-demo/Info.plist";
				LD_RUNPATH_SEARCH_PATHS = (
					"$(inherited)",
					"@executable_path/Frameworks",
				);
				PRODUCT_BUNDLE_IDENTIFIER = ca.ashour.iosi18n;
				PRODUCT_NAME = "$(TARGET_NAME)";
				SWIFT_VERSION = 5.0;
				TARGETED_DEVICE_FAMILY = "1,2";
			};
			name = Debug;
		};
		117DBDD52252474D0043FB94 /* Release */ = {
			isa = XCBuildConfiguration;
			baseConfigurationReference = E4053E64555D691BE5C633EB /* Pods-discounter-demo.release.xcconfig */;
			buildSettings = {
				ASSETCATALOG_COMPILER_APPICON_NAME = AppIcon;
				CODE_SIGN_ENTITLEMENTS = "discounter-demo/discounter-demo.entitlements";
				CODE_SIGN_STYLE = Automatic;
				DEVELOPMENT_TEAM = 4A54CW35D7;
				INFOPLIST_FILE = "discounter-demo/Info.plist";
				LD_RUNPATH_SEARCH_PATHS = (
					"$(inherited)",
					"@executable_path/Frameworks",
				);
				PRODUCT_BUNDLE_IDENTIFIER = ca.ashour.iosi18n;
				PRODUCT_NAME = "$(TARGET_NAME)";
				SWIFT_VERSION = 5.0;
				TARGETED_DEVICE_FAMILY = "1,2";
			};
			name = Release;
		};
/* End XCBuildConfiguration section */

/* Begin XCConfigurationList section */
		117DBDBC2252474B0043FB94 /* Build configuration list for PBXProject "discounter-demo" */ = {
			isa = XCConfigurationList;
			buildConfigurations = (
				117DBDD12252474D0043FB94 /* Debug */,
				117DBDD22252474D0043FB94 /* Release */,
			);
			defaultConfigurationIsVisible = 0;
			defaultConfigurationName = Release;
		};
		117DBDD32252474D0043FB94 /* Build configuration list for PBXNativeTarget "discounter-demo" */ = {
			isa = XCConfigurationList;
			buildConfigurations = (
				117DBDD42252474D0043FB94 /* Debug */,
				117DBDD52252474D0043FB94 /* Release */,
			);
			defaultConfigurationIsVisible = 0;
			defaultConfigurationName = Release;
		};
/* End XCConfigurationList section */
	};
	rootObject = 117DBDB92252474B0043FB94 /* Project object */;
}
